// !$*UTF8*$!
{
	archiveVersion = 1;
	classes = {
	};
	objectVersion = 77;
	objects = {

/* Begin PBXBuildFile section */
		3575AB3A2D7BA3C70094DFAA /* FirebaseAnalytics in Frameworks */ = {isa = PBXBuildFile; productRef = 3575AB392D7BA3C70094DFAA /* FirebaseAnalytics */; };
		3575AB3C2D7BA3C70094DFAA /* FirebaseAuth in Frameworks */ = {isa = PBXBuildFile; productRef = 3575AB3B2D7BA3C70094DFAA /* FirebaseAuth */; };
		3575AB3E2D7BA3C70094DFAA /* FirebaseCore in Frameworks */ = {isa = PBXBuildFile; productRef = 3575AB3D2D7BA3C70094DFAA /* FirebaseCore */; };
		3575AB402D7BA3C70094DFAA /* FirebaseDatabase in Frameworks */ = {isa = PBXBuildFile; productRef = 3575AB3F2D7BA3C70094DFAA /* FirebaseDatabase */; };
		3575AB422D7BA3C70094DFAA /* FirebaseFirestore in Frameworks */ = {isa = PBXBuildFile; productRef = 3575AB412D7BA3C70094DFAA /* FirebaseFirestore */; };
		3575AB442D7BA3C70094DFAA /* FirebaseMessaging in Frameworks */ = {isa = PBXBuildFile; productRef = 3575AB432D7BA3C70094DFAA /* FirebaseMessaging */; };
		3575AB462D7BA3C70094DFAA /* FirebaseStorage in Frameworks */ = {isa = PBXBuildFile; productRef = 3575AB452D7BA3C70094DFAA /* FirebaseStorage */; };
		35D0A09E2D82525500381CAB /* DGCharts in Frameworks */ = {isa = PBXBuildFile; productRef = 35D0A09D2D82525500381CAB /* DGCharts */; };
		A0073A4F2D7F7863002EF911 /* GoogleSignIn in Frameworks */ = {isa = PBXBuildFile; productRef = A0073A4E2D7F7863002EF911 /* GoogleSignIn */; };
		A0073A512D7F7863002EF911 /* GoogleSignInSwift in Frameworks */ = {isa = PBXBuildFile; productRef = A0073A502D7F7863002EF911 /* GoogleSignInSwift */; };
/* End PBXBuildFile section */

/* Begin PBXContainerItemProxy section */
		3575AAF72D7B9E9D0094DFAA /* PBXContainerItemProxy */ = {
			isa = PBXContainerItemProxy;
			containerPortal = 3575AAD82D7B9E9B0094DFAA /* Project object */;
			proxyType = 1;
			remoteGlobalIDString = 3575AADF2D7B9E9B0094DFAA;
			remoteInfo = QuizMaster;
		};
		3575AB012D7B9E9D0094DFAA /* PBXContainerItemProxy */ = {
			isa = PBXContainerItemProxy;
			containerPortal = 3575AAD82D7B9E9B0094DFAA /* Project object */;
			proxyType = 1;
			remoteGlobalIDString = 3575AADF2D7B9E9B0094DFAA;
			remoteInfo = QuizMaster;
		};
/* End PBXContainerItemProxy section */

/* Begin PBXFileReference section */
		3575AAE02D7B9E9B0094DFAA /* QuizMaster.app */ = {isa = PBXFileReference; explicitFileType = wrapper.application; includeInIndex = 0; path = QuizMaster.app; sourceTree = BUILT_PRODUCTS_DIR; };
		3575AAF62D7B9E9D0094DFAA /* QuizMasterTests.xctest */ = {isa = PBXFileReference; explicitFileType = wrapper.cfbundle; includeInIndex = 0; path = QuizMasterTests.xctest; sourceTree = BUILT_PRODUCTS_DIR; };
		3575AB002D7B9E9D0094DFAA /* QuizMasterUITests.xctest */ = {isa = PBXFileReference; explicitFileType = wrapper.cfbundle; includeInIndex = 0; path = QuizMasterUITests.xctest; sourceTree = BUILT_PRODUCTS_DIR; };
/* End PBXFileReference section */

/* Begin PBXFileSystemSynchronizedRootGroup section */
		3575AAE22D7B9E9B0094DFAA /* QuizMaster */ = {
			isa = PBXFileSystemSynchronizedRootGroup;
			path = QuizMaster;
			sourceTree = "<group>";
		};
		3575AAF92D7B9E9D0094DFAA /* QuizMasterTests */ = {
			isa = PBXFileSystemSynchronizedRootGroup;
			path = QuizMasterTests;
			sourceTree = "<group>";
		};
		3575AB032D7B9E9D0094DFAA /* QuizMasterUITests */ = {
			isa = PBXFileSystemSynchronizedRootGroup;
			path = QuizMasterUITests;
			sourceTree = "<group>";
		};
/* End PBXFileSystemSynchronizedRootGroup section */

/* Begin PBXFrameworksBuildPhase section */
		3575AADD2D7B9E9B0094DFAA /* Frameworks */ = {
			isa = PBXFrameworksBuildPhase;
			buildActionMask = 2147483647;
			files = (
				A0073A512D7F7863002EF911 /* GoogleSignInSwift in Frameworks */,
				3575AB442D7BA3C70094DFAA /* FirebaseMessaging in Frameworks */,
				35D0A09E2D82525500381CAB /* DGCharts in Frameworks */,
				A0073A4F2D7F7863002EF911 /* GoogleSignIn in Frameworks */,
				3575AB3A2D7BA3C70094DFAA /* FirebaseAnalytics in Frameworks */,
				3575AB3E2D7BA3C70094DFAA /* FirebaseCore in Frameworks */,
				3575AB402D7BA3C70094DFAA /* FirebaseDatabase in Frameworks */,
				3575AB462D7BA3C70094DFAA /* FirebaseStorage in Frameworks */,
				3575AB422D7BA3C70094DFAA /* FirebaseFirestore in Frameworks */,
				3575AB3C2D7BA3C70094DFAA /* FirebaseAuth in Frameworks */,
			);
			runOnlyForDeploymentPostprocessing = 0;
		};
		3575AAF32D7B9E9D0094DFAA /* Frameworks */ = {
			isa = PBXFrameworksBuildPhase;
			buildActionMask = 2147483647;
			files = (
			);
			runOnlyForDeploymentPostprocessing = 0;
		};
		3575AAFD2D7B9E9D0094DFAA /* Frameworks */ = {
			isa = PBXFrameworksBuildPhase;
			buildActionMask = 2147483647;
			files = (
			);
			runOnlyForDeploymentPostprocessing = 0;
		};
/* End PBXFrameworksBuildPhase section */

/* Begin PBXGroup section */
		3575AAD72D7B9E9B0094DFAA = {
			isa = PBXGroup;
			children = (
				3575AAE22D7B9E9B0094DFAA /* QuizMaster */,
				3575AAF92D7B9E9D0094DFAA /* QuizMasterTests */,
				3575AB032D7B9E9D0094DFAA /* QuizMasterUITests */,
				3575AAE12D7B9E9B0094DFAA /* Products */,
			);
			sourceTree = "<group>";
		};
		3575AAE12D7B9E9B0094DFAA /* Products */ = {
			isa = PBXGroup;
			children = (
				3575AAE02D7B9E9B0094DFAA /* QuizMaster.app */,
				3575AAF62D7B9E9D0094DFAA /* QuizMasterTests.xctest */,
				3575AB002D7B9E9D0094DFAA /* QuizMasterUITests.xctest */,
			);
			name = Products;
			sourceTree = "<group>";
		};
/* End PBXGroup section */

/* Begin PBXNativeTarget section */
		3575AADF2D7B9E9B0094DFAA /* QuizMaster */ = {
			isa = PBXNativeTarget;
			buildConfigurationList = 3575AB092D7B9E9D0094DFAA /* Build configuration list for PBXNativeTarget "QuizMaster" */;
			buildPhases = (
				3575AADC2D7B9E9B0094DFAA /* Sources */,
				3575AADD2D7B9E9B0094DFAA /* Frameworks */,
				3575AADE2D7B9E9B0094DFAA /* Resources */,
			);
			buildRules = (
			);
			dependencies = (
			);
			fileSystemSynchronizedGroups = (
				3575AAE22D7B9E9B0094DFAA /* QuizMaster */,
			);
			name = QuizMaster;
			packageProductDependencies = (
				3575AB392D7BA3C70094DFAA /* FirebaseAnalytics */,
				3575AB3B2D7BA3C70094DFAA /* FirebaseAuth */,
				3575AB3D2D7BA3C70094DFAA /* FirebaseCore */,
				3575AB3F2D7BA3C70094DFAA /* FirebaseDatabase */,
				3575AB412D7BA3C70094DFAA /* FirebaseFirestore */,
				3575AB432D7BA3C70094DFAA /* FirebaseMessaging */,
				3575AB452D7BA3C70094DFAA /* FirebaseStorage */,
				A0073A4E2D7F7863002EF911 /* GoogleSignIn */,
				A0073A502D7F7863002EF911 /* GoogleSignInSwift */,
				35D0A09D2D82525500381CAB /* DGCharts */,
			);
			productName = QuizMaster;
			productReference = 3575AAE02D7B9E9B0094DFAA /* QuizMaster.app */;
			productType = "com.apple.product-type.application";
		};
		3575AAF52D7B9E9D0094DFAA /* QuizMasterTests */ = {
			isa = PBXNativeTarget;
			buildConfigurationList = 3575AB0E2D7B9E9D0094DFAA /* Build configuration list for PBXNativeTarget "QuizMasterTests" */;
			buildPhases = (
				3575AAF22D7B9E9D0094DFAA /* Sources */,
				3575AAF32D7B9E9D0094DFAA /* Frameworks */,
				3575AAF42D7B9E9D0094DFAA /* Resources */,
			);
			buildRules = (
			);
			dependencies = (
				3575AAF82D7B9E9D0094DFAA /* PBXTargetDependency */,
			);
			fileSystemSynchronizedGroups = (
				3575AAF92D7B9E9D0094DFAA /* QuizMasterTests */,
			);
			name = QuizMasterTests;
			packageProductDependencies = (
			);
			productName = QuizMasterTests;
			productReference = 3575AAF62D7B9E9D0094DFAA /* QuizMasterTests.xctest */;
			productType = "com.apple.product-type.bundle.unit-test";
		};
		3575AAFF2D7B9E9D0094DFAA /* QuizMasterUITests */ = {
			isa = PBXNativeTarget;
			buildConfigurationList = 3575AB112D7B9E9D0094DFAA /* Build configuration list for PBXNativeTarget "QuizMasterUITests" */;
			buildPhases = (
				3575AAFC2D7B9E9D0094DFAA /* Sources */,
				3575AAFD2D7B9E9D0094DFAA /* Frameworks */,
				3575AAFE2D7B9E9D0094DFAA /* Resources */,
			);
			buildRules = (
			);
			dependencies = (
				3575AB022D7B9E9D0094DFAA /* PBXTargetDependency */,
			);
			fileSystemSynchronizedGroups = (
				3575AB032D7B9E9D0094DFAA /* QuizMasterUITests */,
			);
			name = QuizMasterUITests;
			packageProductDependencies = (
			);
			productName = QuizMasterUITests;
			productReference = 3575AB002D7B9E9D0094DFAA /* QuizMasterUITests.xctest */;
			productType = "com.apple.product-type.bundle.ui-testing";
		};
/* End PBXNativeTarget section */

/* Begin PBXProject section */
		3575AAD82D7B9E9B0094DFAA /* Project object */ = {
			isa = PBXProject;
			attributes = {
				BuildIndependentTargetsInParallel = 1;
				LastSwiftUpdateCheck = 1620;
				LastUpgradeCheck = 1620;
				TargetAttributes = {
					3575AADF2D7B9E9B0094DFAA = {
						CreatedOnToolsVersion = 16.2;
					};
					3575AAF52D7B9E9D0094DFAA = {
						CreatedOnToolsVersion = 16.2;
						TestTargetID = 3575AADF2D7B9E9B0094DFAA;
					};
					3575AAFF2D7B9E9D0094DFAA = {
						CreatedOnToolsVersion = 16.2;
						TestTargetID = 3575AADF2D7B9E9B0094DFAA;
					};
				};
			};
			buildConfigurationList = 3575AADB2D7B9E9B0094DFAA /* Build configuration list for PBXProject "QuizMaster" */;
			developmentRegion = en;
			hasScannedForEncodings = 0;
			knownRegions = (
				en,
				Base,
			);
			mainGroup = 3575AAD72D7B9E9B0094DFAA;
			minimizedProjectReferenceProxies = 1;
			packageReferences = (
				3575AB382D7BA3C70094DFAA /* XCRemoteSwiftPackageReference "firebase-ios-sdk" */,
				A0073A4D2D7F7863002EF911 /* XCRemoteSwiftPackageReference "GoogleSignIn-iOS" */,
				35D0A09C2D82525500381CAB /* XCRemoteSwiftPackageReference "Charts" */,
			);
			preferredProjectObjectVersion = 77;
			productRefGroup = 3575AAE12D7B9E9B0094DFAA /* Products */;
			projectDirPath = "";
			projectRoot = "";
			targets = (
				3575AADF2D7B9E9B0094DFAA /* QuizMaster */,
				3575AAF52D7B9E9D0094DFAA /* QuizMasterTests */,
				3575AAFF2D7B9E9D0094DFAA /* QuizMasterUITests */,
			);
		};
/* End PBXProject section */

/* Begin PBXResourcesBuildPhase section */
		3575AADE2D7B9E9B0094DFAA /* Resources */ = {
			isa = PBXResourcesBuildPhase;
			buildActionMask = 2147483647;
			files = (
			);
			runOnlyForDeploymentPostprocessing = 0;
		};
		3575AAF42D7B9E9D0094DFAA /* Resources */ = {
			isa = PBXResourcesBuildPhase;
			buildActionMask = 2147483647;
			files = (
			);
			runOnlyForDeploymentPostprocessing = 0;
		};
		3575AAFE2D7B9E9D0094DFAA /* Resources */ = {
			isa = PBXResourcesBuildPhase;
			buildActionMask = 2147483647;
			files = (
			);
			runOnlyForDeploymentPostprocessing = 0;
		};
/* End PBXResourcesBuildPhase section */

/* Begin PBXSourcesBuildPhase section */
		3575AADC2D7B9E9B0094DFAA /* Sources */ = {
			isa = PBXSourcesBuildPhase;
			buildActionMask = 2147483647;
			files = (
			);
			runOnlyForDeploymentPostprocessing = 0;
		};
		3575AAF22D7B9E9D0094DFAA /* Sources */ = {
			isa = PBXSourcesBuildPhase;
			buildActionMask = 2147483647;
			files = (
			);
			runOnlyForDeploymentPostprocessing = 0;
		};
		3575AAFC2D7B9E9D0094DFAA /* Sources */ = {
			isa = PBXSourcesBuildPhase;
			buildActionMask = 2147483647;
			files = (
			);
			runOnlyForDeploymentPostprocessing = 0;
		};
/* End PBXSourcesBuildPhase section */

/* Begin PBXTargetDependency section */
		3575AAF82D7B9E9D0094DFAA /* PBXTargetDependency */ = {
			isa = PBXTargetDependency;
			target = 3575AADF2D7B9E9B0094DFAA /* QuizMaster */;
			targetProxy = 3575AAF72D7B9E9D0094DFAA /* PBXContainerItemProxy */;
		};
		3575AB022D7B9E9D0094DFAA /* PBXTargetDependency */ = {
			isa = PBXTargetDependency;
			target = 3575AADF2D7B9E9B0094DFAA /* QuizMaster */;
			targetProxy = 3575AB012D7B9E9D0094DFAA /* PBXContainerItemProxy */;
		};
/* End PBXTargetDependency section */

/* Begin XCBuildConfiguration section */
		3575AB0A2D7B9E9D0094DFAA /* Debug */ = {
			isa = XCBuildConfiguration;
			buildSettings = {
				ASSETCATALOG_COMPILER_APPICON_NAME = AppIcon;
				ASSETCATALOG_COMPILER_GLOBAL_ACCENT_COLOR_NAME = AccentColor;
				CODE_SIGN_STYLE = Automatic;
				CURRENT_PROJECT_VERSION = 1;
				GENERATE_INFOPLIST_FILE = YES;
				INFOPLIST_FILE = QuizMaster/Info.plist;
				INFOPLIST_KEY_UIApplicationSupportsIndirectInputEvents = YES;
				INFOPLIST_KEY_UILaunchStoryboardName = LaunchScreen;
				INFOPLIST_KEY_UIMainStoryboardFile = Main;
				INFOPLIST_KEY_UISupportedInterfaceOrientations_iPad = "UIInterfaceOrientationPortrait UIInterfaceOrientationPortraitUpsideDown UIInterfaceOrientationLandscapeLeft UIInterfaceOrientationLandscapeRight";
				INFOPLIST_KEY_UISupportedInterfaceOrientations_iPhone = "UIInterfaceOrientationPortrait UIInterfaceOrientationLandscapeLeft UIInterfaceOrientationLandscapeRight";
				LD_RUNPATH_SEARCH_PATHS = (
					"$(inherited)",
					"@executable_path/Frameworks",
				);
				MARKETING_VERSION = 1.0;
				PRODUCT_BUNDLE_IDENTIFIER = mehmettfaik.QuizMaster;
				PRODUCT_NAME = "$(TARGET_NAME)";
				SWIFT_EMIT_LOC_STRINGS = YES;
				SWIFT_VERSION = 5.0;
				TARGETED_DEVICE_FAMILY = "1,2";
			};
			name = Debug;
		};
		3575AB0B2D7B9E9D0094DFAA /* Release */ = {
			isa = XCBuildConfiguration;
			buildSettings = {
				ASSETCATALOG_COMPILER_APPICON_NAME = AppIcon;
				ASSETCATALOG_COMPILER_GLOBAL_ACCENT_COLOR_NAME = AccentColor;
				CODE_SIGN_STYLE = Automatic;
				CURRENT_PROJECT_VERSION = 1;
				GENERATE_INFOPLIST_FILE = YES;
				INFOPLIST_FILE = QuizMaster/Info.plist;
				INFOPLIST_KEY_UIApplicationSupportsIndirectInputEvents = YES;
				INFOPLIST_KEY_UILaunchStoryboardName = LaunchScreen;
				INFOPLIST_KEY_UIMainStoryboardFile = Main;
				INFOPLIST_KEY_UISupportedInterfaceOrientations_iPad = "UIInterfaceOrientationPortrait UIInterfaceOrientationPortraitUpsideDown UIInterfaceOrientationLandscapeLeft UIInterfaceOrientationLandscapeRight";
				INFOPLIST_KEY_UISupportedInterfaceOrientations_iPhone = "UIInterfaceOrientationPortrait UIInterfaceOrientationLandscapeLeft UIInterfaceOrientationLandscapeRight";
				LD_RUNPATH_SEARCH_PATHS = (
					"$(inherited)",
					"@executable_path/Frameworks",
				);
				MARKETING_VERSION = 1.0;
				PRODUCT_BUNDLE_IDENTIFIER = mehmettfaik.QuizMaster;
				PRODUCT_NAME = "$(TARGET_NAME)";
				SWIFT_EMIT_LOC_STRINGS = YES;
				SWIFT_VERSION = 5.0;
				TARGETED_DEVICE_FAMILY = "1,2";
			};
			name = Release;
		};
		3575AB0C2D7B9E9D0094DFAA /* Debug */ = {
			isa = XCBuildConfiguration;
			buildSettings = {
				ALWAYS_SEARCH_USER_PATHS = NO;
				ASSETCATALOG_COMPILER_GENERATE_SWIFT_ASSET_SYMBOL_EXTENSIONS = YES;
				CLANG_ANALYZER_NONNULL = YES;
				CLANG_ANALYZER_NUMBER_OBJECT_CONVERSION = YES_AGGRESSIVE;
				CLANG_CXX_LANGUAGE_STANDARD = "gnu++20";
				CLANG_ENABLE_MODULES = YES;
				CLANG_ENABLE_OBJC_ARC = YES;
				CLANG_ENABLE_OBJC_WEAK = YES;
				CLANG_WARN_BLOCK_CAPTURE_AUTORELEASING = YES;
				CLANG_WARN_BOOL_CONVERSION = YES;
				CLANG_WARN_COMMA = YES;
				CLANG_WARN_CONSTANT_CONVERSION = YES;
				CLANG_WARN_DEPRECATED_OBJC_IMPLEMENTATIONS = YES;
				CLANG_WARN_DIRECT_OBJC_ISA_USAGE = YES_ERROR;
				CLANG_WARN_DOCUMENTATION_COMMENTS = YES;
				CLANG_WARN_EMPTY_BODY = YES;
				CLANG_WARN_ENUM_CONVERSION = YES;
				CLANG_WARN_INFINITE_RECURSION = YES;
				CLANG_WARN_INT_CONVERSION = YES;
				CLANG_WARN_NON_LITERAL_NULL_CONVERSION = YES;
				CLANG_WARN_OBJC_IMPLICIT_RETAIN_SELF = YES;
				CLANG_WARN_OBJC_LITERAL_CONVERSION = YES;
				CLANG_WARN_OBJC_ROOT_CLASS = YES_ERROR;
				CLANG_WARN_QUOTED_INCLUDE_IN_FRAMEWORK_HEADER = YES;
				CLANG_WARN_RANGE_LOOP_ANALYSIS = YES;
				CLANG_WARN_STRICT_PROTOTYPES = YES;
				CLANG_WARN_SUSPICIOUS_MOVE = YES;
				CLANG_WARN_UNGUARDED_AVAILABILITY = YES_AGGRESSIVE;
				CLANG_WARN_UNREACHABLE_CODE = YES;
				CLANG_WARN__DUPLICATE_METHOD_MATCH = YES;
				COPY_PHASE_STRIP = NO;
				DEBUG_INFORMATION_FORMAT = dwarf;
				ENABLE_STRICT_OBJC_MSGSEND = YES;
				ENABLE_TESTABILITY = YES;
				ENABLE_USER_SCRIPT_SANDBOXING = YES;
				GCC_C_LANGUAGE_STANDARD = gnu17;
				GCC_DYNAMIC_NO_PIC = NO;
				GCC_NO_COMMON_BLOCKS = YES;
				GCC_OPTIMIZATION_LEVEL = 0;
				GCC_PREPROCESSOR_DEFINITIONS = (
					"DEBUG=1",
					"$(inherited)",
				);
				GCC_WARN_64_TO_32_BIT_CONVERSION = YES;
				GCC_WARN_ABOUT_RETURN_TYPE = YES_ERROR;
				GCC_WARN_UNDECLARED_SELECTOR = YES;
				GCC_WARN_UNINITIALIZED_AUTOS = YES_AGGRESSIVE;
				GCC_WARN_UNUSED_FUNCTION = YES;
				GCC_WARN_UNUSED_VARIABLE = YES;
				IPHONEOS_DEPLOYMENT_TARGET = 18.2;
				LOCALIZATION_PREFERS_STRING_CATALOGS = YES;
				MTL_ENABLE_DEBUG_INFO = INCLUDE_SOURCE;
				MTL_FAST_MATH = YES;
				ONLY_ACTIVE_ARCH = YES;
				SDKROOT = iphoneos;
				SWIFT_ACTIVE_COMPILATION_CONDITIONS = "DEBUG $(inherited)";
				SWIFT_OPTIMIZATION_LEVEL = "-Onone";
			};
			name = Debug;
		};
		3575AB0D2D7B9E9D0094DFAA /* Release */ = {
			isa = XCBuildConfiguration;
			buildSettings = {
				ALWAYS_SEARCH_USER_PATHS = NO;
				ASSETCATALOG_COMPILER_GENERATE_SWIFT_ASSET_SYMBOL_EXTENSIONS = YES;
				CLANG_ANALYZER_NONNULL = YES;
				CLANG_ANALYZER_NUMBER_OBJECT_CONVERSION = YES_AGGRESSIVE;
				CLANG_CXX_LANGUAGE_STANDARD = "gnu++20";
				CLANG_ENABLE_MODULES = YES;
				CLANG_ENABLE_OBJC_ARC = YES;
				CLANG_ENABLE_OBJC_WEAK = YES;
				CLANG_WARN_BLOCK_CAPTURE_AUTORELEASING = YES;
				CLANG_WARN_BOOL_CONVERSION = YES;
				CLANG_WARN_COMMA = YES;
				CLANG_WARN_CONSTANT_CONVERSION = YES;
				CLANG_WARN_DEPRECATED_OBJC_IMPLEMENTATIONS = YES;
				CLANG_WARN_DIRECT_OBJC_ISA_USAGE = YES_ERROR;
				CLANG_WARN_DOCUMENTATION_COMMENTS = YES;
				CLANG_WARN_EMPTY_BODY = YES;
				CLANG_WARN_ENUM_CONVERSION = YES;
				CLANG_WARN_INFINITE_RECURSION = YES;
				CLANG_WARN_INT_CONVERSION = YES;
				CLANG_WARN_NON_LITERAL_NULL_CONVERSION = YES;
				CLANG_WARN_OBJC_IMPLICIT_RETAIN_SELF = YES;
				CLANG_WARN_OBJC_LITERAL_CONVERSION = YES;
				CLANG_WARN_OBJC_ROOT_CLASS = YES_ERROR;
				CLANG_WARN_QUOTED_INCLUDE_IN_FRAMEWORK_HEADER = YES;
				CLANG_WARN_RANGE_LOOP_ANALYSIS = YES;
				CLANG_WARN_STRICT_PROTOTYPES = YES;
				CLANG_WARN_SUSPICIOUS_MOVE = YES;
				CLANG_WARN_UNGUARDED_AVAILABILITY = YES_AGGRESSIVE;
				CLANG_WARN_UNREACHABLE_CODE = YES;
				CLANG_WARN__DUPLICATE_METHOD_MATCH = YES;
				COPY_PHASE_STRIP = NO;
				DEBUG_INFORMATION_FORMAT = "dwarf-with-dsym";
				ENABLE_NS_ASSERTIONS = NO;
				ENABLE_STRICT_OBJC_MSGSEND = YES;
				ENABLE_USER_SCRIPT_SANDBOXING = YES;
				GCC_C_LANGUAGE_STANDARD = gnu17;
				GCC_NO_COMMON_BLOCKS = YES;
				GCC_WARN_64_TO_32_BIT_CONVERSION = YES;
				GCC_WARN_ABOUT_RETURN_TYPE = YES_ERROR;
				GCC_WARN_UNDECLARED_SELECTOR = YES;
				GCC_WARN_UNINITIALIZED_AUTOS = YES_AGGRESSIVE;
				GCC_WARN_UNUSED_FUNCTION = YES;
				GCC_WARN_UNUSED_VARIABLE = YES;
				IPHONEOS_DEPLOYMENT_TARGET = 18.2;
				LOCALIZATION_PREFERS_STRING_CATALOGS = YES;
				MTL_ENABLE_DEBUG_INFO = NO;
				MTL_FAST_MATH = YES;
				SDKROOT = iphoneos;
				SWIFT_COMPILATION_MODE = wholemodule;
				VALIDATE_PRODUCT = YES;
			};
			name = Release;
		};
		3575AB0F2D7B9E9D0094DFAA /* Debug */ = {
			isa = XCBuildConfiguration;
			buildSettings = {
				BUNDLE_LOADER = "$(TEST_HOST)";
				CODE_SIGN_STYLE = Automatic;
				CURRENT_PROJECT_VERSION = 1;
				GENERATE_INFOPLIST_FILE = YES;
				IPHONEOS_DEPLOYMENT_TARGET = 18.2;
				MARKETING_VERSION = 1.0;
				PRODUCT_BUNDLE_IDENTIFIER = mehmettfaik.QuizMasterTests;
				PRODUCT_NAME = "$(TARGET_NAME)";
				SWIFT_EMIT_LOC_STRINGS = NO;
				SWIFT_VERSION = 5.0;
				TARGETED_DEVICE_FAMILY = "1,2";
				TEST_HOST = "$(BUILT_PRODUCTS_DIR)/QuizMaster.app/$(BUNDLE_EXECUTABLE_FOLDER_PATH)/QuizMaster";
			};
			name = Debug;
		};
		3575AB102D7B9E9D0094DFAA /* Release */ = {
			isa = XCBuildConfiguration;
			buildSettings = {
				BUNDLE_LOADER = "$(TEST_HOST)";
				CODE_SIGN_STYLE = Automatic;
				CURRENT_PROJECT_VERSION = 1;
				GENERATE_INFOPLIST_FILE = YES;
				IPHONEOS_DEPLOYMENT_TARGET = 18.2;
				MARKETING_VERSION = 1.0;
				PRODUCT_BUNDLE_IDENTIFIER = mehmettfaik.QuizMasterTests;
				PRODUCT_NAME = "$(TARGET_NAME)";
				SWIFT_EMIT_LOC_STRINGS = NO;
				SWIFT_VERSION = 5.0;
				TARGETED_DEVICE_FAMILY = "1,2";
				TEST_HOST = "$(BUILT_PRODUCTS_DIR)/QuizMaster.app/$(BUNDLE_EXECUTABLE_FOLDER_PATH)/QuizMaster";
			};
			name = Release;
		};
		3575AB122D7B9E9D0094DFAA /* Debug */ = {
			isa = XCBuildConfiguration;
			buildSettings = {
				CODE_SIGN_STYLE = Automatic;
				CURRENT_PROJECT_VERSION = 1;
				GENERATE_INFOPLIST_FILE = YES;
				MARKETING_VERSION = 1.0;
				PRODUCT_BUNDLE_IDENTIFIER = mehmettfaik.QuizMasterUITests;
				PRODUCT_NAME = "$(TARGET_NAME)";
				SWIFT_EMIT_LOC_STRINGS = NO;
				SWIFT_VERSION = 5.0;
				TARGETED_DEVICE_FAMILY = "1,2";
				TEST_TARGET_NAME = QuizMaster;
			};
			name = Debug;
		};
		3575AB132D7B9E9D0094DFAA /* Release */ = {
			isa = XCBuildConfiguration;
			buildSettings = {
				CODE_SIGN_STYLE = Automatic;
				CURRENT_PROJECT_VERSION = 1;
				GENERATE_INFOPLIST_FILE = YES;
				MARKETING_VERSION = 1.0;
				PRODUCT_BUNDLE_IDENTIFIER = mehmettfaik.QuizMasterUITests;
				PRODUCT_NAME = "$(TARGET_NAME)";
				SWIFT_EMIT_LOC_STRINGS = NO;
				SWIFT_VERSION = 5.0;
				TARGETED_DEVICE_FAMILY = "1,2";
				TEST_TARGET_NAME = QuizMaster;
			};
			name = Release;
		};
/* End XCBuildConfiguration section */

/* Begin XCConfigurationList section */
		3575AADB2D7B9E9B0094DFAA /* Build configuration list for PBXProject "QuizMaster" */ = {
			isa = XCConfigurationList;
			buildConfigurations = (
				3575AB0C2D7B9E9D0094DFAA /* Debug */,
				3575AB0D2D7B9E9D0094DFAA /* Release */,
			);
			defaultConfigurationIsVisible = 0;
			defaultConfigurationName = Release;
		};
		3575AB092D7B9E9D0094DFAA /* Build configuration list for PBXNativeTarget "QuizMaster" */ = {
			isa = XCConfigurationList;
			buildConfigurations = (
				3575AB0A2D7B9E9D0094DFAA /* Debug */,
				3575AB0B2D7B9E9D0094DFAA /* Release */,
			);
			defaultConfigurationIsVisible = 0;
			defaultConfigurationName = Release;
		};
		3575AB0E2D7B9E9D0094DFAA /* Build configuration list for PBXNativeTarget "QuizMasterTests" */ = {
			isa = XCConfigurationList;
			buildConfigurations = (
				3575AB0F2D7B9E9D0094DFAA /* Debug */,
				3575AB102D7B9E9D0094DFAA /* Release */,
			);
			defaultConfigurationIsVisible = 0;
			defaultConfigurationName = Release;
		};
		3575AB112D7B9E9D0094DFAA /* Build configuration list for PBXNativeTarget "QuizMasterUITests" */ = {
			isa = XCConfigurationList;
			buildConfigurations = (
				3575AB122D7B9E9D0094DFAA /* Debug */,
				3575AB132D7B9E9D0094DFAA /* Release */,
			);
			defaultConfigurationIsVisible = 0;
			defaultConfigurationName = Release;
		};
/* End XCConfigurationList section */

/* Begin XCRemoteSwiftPackageReference section */
		3575AB382D7BA3C70094DFAA /* XCRemoteSwiftPackageReference "firebase-ios-sdk" */ = {
			isa = XCRemoteSwiftPackageReference;
			repositoryURL = "https://github.com/firebase/firebase-ios-sdk.git";
			requirement = {
				kind = upToNextMajorVersion;
				minimumVersion = 11.9.0;
			};
		};
		35D0A09C2D82525500381CAB /* XCRemoteSwiftPackageReference "Charts" */ = {
			isa = XCRemoteSwiftPackageReference;
			repositoryURL = "https://github.com/danielgindi/Charts.git";
			requirement = {
				kind = upToNextMajorVersion;
				minimumVersion = 5.1.0;
			};
		};
		A0073A4D2D7F7863002EF911 /* XCRemoteSwiftPackageReference "GoogleSignIn-iOS" */ = {
			isa = XCRemoteSwiftPackageReference;
			repositoryURL = "https://github.com/google/GoogleSignIn-iOS.git";
			requirement = {
				kind = upToNextMajorVersion;
				minimumVersion = 8.0.0;
			};
		};
/* End XCRemoteSwiftPackageReference section */

/* Begin XCSwiftPackageProductDependency section */
		3575AB392D7BA3C70094DFAA /* FirebaseAnalytics */ = {
			isa = XCSwiftPackageProductDependency;
			package = 3575AB382D7BA3C70094DFAA /* XCRemoteSwiftPackageReference "firebase-ios-sdk" */;
			productName = FirebaseAnalytics;
		};
		3575AB3B2D7BA3C70094DFAA /* FirebaseAuth */ = {
			isa = XCSwiftPackageProductDependency;
			package = 3575AB382D7BA3C70094DFAA /* XCRemoteSwiftPackageReference "firebase-ios-sdk" */;
			productName = FirebaseAuth;
		};
		3575AB3D2D7BA3C70094DFAA /* FirebaseCore */ = {
			isa = XCSwiftPackageProductDependency;
			package = 3575AB382D7BA3C70094DFAA /* XCRemoteSwiftPackageReference "firebase-ios-sdk" */;
			productName = FirebaseCore;
		};
		3575AB3F2D7BA3C70094DFAA /* FirebaseDatabase */ = {
			isa = XCSwiftPackageProductDependency;
			package = 3575AB382D7BA3C70094DFAA /* XCRemoteSwiftPackageReference "firebase-ios-sdk" */;
			productName = FirebaseDatabase;
		};
		3575AB412D7BA3C70094DFAA /* FirebaseFirestore */ = {
			isa = XCSwiftPackageProductDependency;
			package = 3575AB382D7BA3C70094DFAA /* XCRemoteSwiftPackageReference "firebase-ios-sdk" */;
			productName = FirebaseFirestore;
		};
		3575AB432D7BA3C70094DFAA /* FirebaseMessaging */ = {
			isa = XCSwiftPackageProductDependency;
			package = 3575AB382D7BA3C70094DFAA /* XCRemoteSwiftPackageReference "firebase-ios-sdk" */;
			productName = FirebaseMessaging;
		};
		3575AB452D7BA3C70094DFAA /* FirebaseStorage */ = {
			isa = XCSwiftPackageProductDependency;
			package = 3575AB382D7BA3C70094DFAA /* XCRemoteSwiftPackageReference "firebase-ios-sdk" */;
			productName = FirebaseStorage;
		};
		35D0A09D2D82525500381CAB /* DGCharts */ = {
			isa = XCSwiftPackageProductDependency;
			package = 35D0A09C2D82525500381CAB /* XCRemoteSwiftPackageReference "Charts" */;
			productName = DGCharts;
		};
		A0073A4E2D7F7863002EF911 /* GoogleSignIn */ = {
			isa = XCSwiftPackageProductDependency;
			package = A0073A4D2D7F7863002EF911 /* XCRemoteSwiftPackageReference "GoogleSignIn-iOS" */;
			productName = GoogleSignIn;
		};
		A0073A502D7F7863002EF911 /* GoogleSignInSwift */ = {
			isa = XCSwiftPackageProductDependency;
			package = A0073A4D2D7F7863002EF911 /* XCRemoteSwiftPackageReference "GoogleSignIn-iOS" */;
			productName = GoogleSignInSwift;
		};
/* End XCSwiftPackageProductDependency section */
	};
	rootObject = 3575AAD82D7B9E9B0094DFAA /* Project object */;
}
